
Microsoft Visual Studio Solution File, Format Version 12.00
# Visual Studio Version 17
VisualStudioVersion = 17.9.34714.143
MinimumVisualStudioVersion = 10.0.40219.1
Project("{FAE04EC0-301F-11D3-BF4B-00C04F79EFBC}") = "RMS-DB", "WindowsFormsApp1\RMS-DB.csproj", "{AF71D188-683D-424C-BE56-9299BC03BC75}"
EndProject
Project("{2150E333-8FDC-42A3-9474-1A3956D46DE8}") = "DB-Queries", "DB-Queries", "{654A800D-2F37-4E98-91D1-50224B5862F4}"
	ProjectSection(SolutionItems) = preProject
		Administrator.sql = Administrator.sql
		EmailOTP.sql = EmailOTP.sql
		Employee.sql = Employee.sql
		Passenger.sql = Passenger.sql
		TrainSchedule.sql = TrainSchedule.sql
	EndProjectSection
EndProject
Global
	GlobalSection(SolutionConfigurationPlatforms) = preSolution
		Debug|Any CPU = Debug|Any CPU
		Release|Any CPU = Release|Any CPU
	EndGlobalSection
	GlobalSection(ProjectConfigurationPlatforms) = postSolution
		{AF71D188-683D-424C-BE56-9299BC03BC75}.Debug|Any CPU.ActiveCfg = Debug|Any CPU
		{AF71D188-683D-424C-BE56-9299BC03BC75}.Debug|Any CPU.Build.0 = Debug|Any CPU
		{AF71D188-683D-424C-BE56-9299BC03BC75}.Release|Any CPU.ActiveCfg = Release|Any CPU
		{AF71D188-683D-424C-BE56-9299BC03BC75}.Release|Any CPU.Build.0 = Release|Any CPU
	EndGlobalSection
	GlobalSection(SolutionProperties) = preSolution
		HideSolutionNode = FALSE
	EndGlobalSection
	GlobalSection(ExtensibilityGlobals) = postSolution
		SolutionGuid = {1A3F176D-BF1B-4F8F-9FFE-81E4D84C0292}
	EndGlobalSection
EndGlobal
